{
  "version": 4,
  "terraform_version": "1.4.4",
  "serial": 11,
  "lineage": "cba3c2c0-3e41-5fff-eafa-f51123f541f8",
  "outputs": {},
  "resources": [
    {
      "module": "module.transit_gateway",
      "mode": "managed",
      "type": "aws_ec2_transit_gateway",
      "name": "tgw",
      "provider": "provider[\"registry.terraform.io/hashicorp/aws\"]",
      "instances": [
        {
          "schema_version": 0,
          "attributes": {
            "amazon_side_asn": 64512,
            "arn": "arn:aws:ec2:us-east-1:318124141093:transit-gateway/tgw-0be437bae5d4316d9",
            "association_default_route_table_id": "tgw-rtb-02b3205d417b9db44",
            "auto_accept_shared_attachments": "disable",
            "default_route_table_association": "enable",
            "default_route_table_propagation": "enable",
            "description": "Transit Gateway 1",
            "dns_support": "enable",
            "id": "tgw-0be437bae5d4316d9",
            "multicast_support": "disable",
            "owner_id": "318124141093",
            "propagation_default_route_table_id": "tgw-rtb-02b3205d417b9db44",
            "tags": {
              "Name": ""
            },
            "tags_all": {
              "Name": ""
            },
            "timeouts": null,
            "transit_gateway_cidr_blocks": null,
            "vpn_ecmp_support": "enable"
          },
          "sensitive_attributes": [],
          "private": "eyJlMmJmYjczMC1lY2FhLTExZTYtOGY4OC0zNDM2M2JjN2M0YzAiOnsiY3JlYXRlIjo2MDAwMDAwMDAwMDAsImRlbGV0ZSI6NjAwMDAwMDAwMDAwLCJ1cGRhdGUiOjYwMDAwMDAwMDAwMH19"
        }
      ]
    }
  ],
  "check_results": null
}
